# THIS IS AN AUTOGENERATED FILE. DO NOT EDIT THIS FILE DIRECTLY.
# yarn lockfile v1


bs-platform@7.2.2:
  version "7.2.2"
  resolved "https://registry.yarnpkg.com/bs-platform/-/bs-platform-7.2.2.tgz#76fdc63e4889458ae3d257a0132107a792f2309c"
  integrity sha512-PWcFfN+jCTtT/rMaHDhKh+W9RUTpaRunmSF9vbLYcrJbpgCNW6aFKAY33u0P3mLxwuhshN3b4FxqGUBPj6exZQ==

reason-promise@^1.0.2:
  version "1.0.2"
  resolved "https://registry.yarnpkg.com/reason-promise/-/reason-promise-1.0.2.tgz#22b9bb4097ce511190182b948aef11427d5b8b86"
  integrity sha512-j8DWV+71wNEKQmyW6zBOowIZq1Qec5CDWyLI37BvgOmAZgRFGFQ1MaJnbhqDe3JsYmaGyqdNMmpCJLl9EDbDAg==
